
Microsoft Visual Studio Solution File, Format Version 12.00
# Visual Studio Version 16
VisualStudioVersion = 16.0.29926.136
MinimumVisualStudioVersion = 10.0.40219.1
Project("{FAE04EC0-301F-11D3-BF4B-00C04F79EFBC}") = "WS_Simulator", "WS_Simulator\WS_Simulator.csproj", "{52FF10B6-9247-436B-992F-BF5F60AB48C5}"
EndProject
Global
	GlobalSection(SolutionConfigurationPlatforms) = preSolution
		Debug|Any CPU = Debug|Any CPU
		Release|Any CPU = Release|Any CPU
	EndGlobalSection
	GlobalSection(ProjectConfigurationPlatforms) = postSolution
		{52FF10B6-9247-436B-992F-BF5F60AB48C5}.Debug|Any CPU.ActiveCfg = Debug|Any CPU
		{52FF10B6-9247-436B-992F-BF5F60AB48C5}.Debug|Any CPU.Build.0 = Debug|Any CPU
		{52FF10B6-9247-436B-992F-BF5F60AB48C5}.Release|Any CPU.ActiveCfg = Release|Any CPU
		{52FF10B6-9247-436B-992F-BF5F60AB48C5}.Release|Any CPU.Build.0 = Release|Any CPU
	EndGlobalSection
	GlobalSection(SolutionProperties) = preSolution
		HideSolutionNode = FALSE
	EndGlobalSection
	GlobalSection(ExtensibilityGlobals) = postSolution
		SolutionGuid = {E2E24554-C83D-43A3-A4A9-C5487FF79021}
	EndGlobalSection
EndGlobal
